
Microsoft Visual Studio Solution File, Format Version 12.00
# Visual Studio 15
VisualStudioVersion = 15.0.27004.2008
MinimumVisualStudioVersion = 10.0.40219.1
Project("{FAE04EC0-301F-11D3-BF4B-00C04F79EFBC}") = "ModalFormWork", "ModalFormWork\ModalFormWork.csproj", "{8402FBD2-113B-448C-B4E3-BE1814809358}"
EndProject
Global
	GlobalSection(SolutionConfigurationPlatforms) = preSolution
		Debug|Any CPU = Debug|Any CPU
		Release|Any CPU = Release|Any CPU
	EndGlobalSection
	GlobalSection(ProjectConfigurationPlatforms) = postSolution
		{8402FBD2-113B-448C-B4E3-BE1814809358}.Debug|Any CPU.ActiveCfg = Debug|Any CPU
		{8402FBD2-113B-448C-B4E3-BE1814809358}.Debug|Any CPU.Build.0 = Debug|Any CPU
		{8402FBD2-113B-448C-B4E3-BE1814809358}.Release|Any CPU.ActiveCfg = Release|Any CPU
		{8402FBD2-113B-448C-B4E3-BE1814809358}.Release|Any CPU.Build.0 = Release|Any CPU
	EndGlobalSection
	GlobalSection(SolutionProperties) = preSolution
		HideSolutionNode = FALSE
	EndGlobalSection
	GlobalSection(ExtensibilityGlobals) = postSolution
		SolutionGuid = {F53E7598-49E8-486D-B244-4FBC5EAAE1F8}
	EndGlobalSection
EndGlobal
